{
  "originHash" : "cad41ab4f11d1fbb9f1bd409b0e8452f591005a1f258cd37cfe1784ad28e65ff",
  "pins" : [
    {
      "identity" : "apirequestpackage",
      "kind" : "remoteSourceControl",
      "location" : "https://github.com/AlfinIndrawan/APIRequestPackage",
      "state" : {
        "branch" : "main",
        "revision" : "43dadcf3be4b39a6d740af02e81933fb0d04ffd4"
      }
    },
    {
      "identity" : "kingfisher",
      "kind" : "remoteSourceControl",
      "location" : "https://github.com/onevcat/Kingfisher",
      "state" : {
        "revision" : "2ef543ee21d63734e1c004ad6c870255e8716c50",
        "version" : "7.12.0"
      }
    },
    {
      "identity" : "rxswift",
      "kind" : "remoteSourceControl",
      "location" : "https://github.com/ReactiveX/RxSwift.git",
      "state" : {
        "revision" : "b06a8c8596e4c3e8e7788e08e720e3248563ce6a",
        "version" : "6.7.1"
      }
    }
  ],
  "version" : 3
}
