// !$*UTF8*$!
{
	archiveVersion = 1;
	classes = {
	};
	objectVersion = 55;
	objects = {

/* Begin PBXBuildFile section */
		7C46689D297A772E003806C8 /* AppDelegate.swift in Sources */ = {isa = PBXBuildFile; fileRef = 7C46689C297A772E003806C8 /* AppDelegate.swift */; };
		7C46689F297A772E003806C8 /* SceneDelegate.swift in Sources */ = {isa = PBXBuildFile; fileRef = 7C46689E297A772E003806C8 /* SceneDelegate.swift */; };
		7C4668A1297A772E003806C8 /* ViewController.swift in Sources */ = {isa = PBXBuildFile; fileRef = 7C4668A0297A772E003806C8 /* ViewController.swift */; };
		7C4668A4297A772E003806C8 /* Main.storyboard in Resources */ = {isa = PBXBuildFile; fileRef = 7C4668A2297A772E003806C8 /* Main.storyboard */; };
		7C4668A6297A7738003806C8 /* Assets.xcassets in Resources */ = {isa = PBXBuildFile; fileRef = 7C4668A5297A7738003806C8 /* Assets.xcassets */; };
		7C4668B2297A81B8003806C8 /* APIRequest in Frameworks */ = {isa = PBXBuildFile; productRef = 7C4668B1297A81B8003806C8 /* APIRequest */; };
		7C4668B5297A860C003806C8 /* Kingfisher in Frameworks */ = {isa = PBXBuildFile; productRef = 7C4668B4297A860C003806C8 /* Kingfisher */; };
		7C4668BC297A8C43003806C8 /* CustomBlurView.swift in Sources */ = {isa = PBXBuildFile; fileRef = 7C4668BB297A8C43003806C8 /* CustomBlurView.swift */; };
		7C4668BE297A8C64003806C8 /* CustomUIView.swift in Sources */ = {isa = PBXBuildFile; fileRef = 7C4668BD297A8C64003806C8 /* CustomUIView.swift */; };
		7C4668C0297A8C97003806C8 /* CustomImageView.swift in Sources */ = {isa = PBXBuildFile; fileRef = 7C4668BF297A8C97003806C8 /* CustomImageView.swift */; };
		7C4668C2297A98A1003806C8 /* MealTableViewCell.swift in Sources */ = {isa = PBXBuildFile; fileRef = 7C4668C1297A98A1003806C8 /* MealTableViewCell.swift */; };
		7C4668C5297AA13B003806C8 /* MealModel.swift in Sources */ = {isa = PBXBuildFile; fileRef = 7C4668C4297AA13B003806C8 /* MealModel.swift */; };
		7C4668C8297ABA03003806C8 /* MealViewModel.swift in Sources */ = {isa = PBXBuildFile; fileRef = 7C4668C7297ABA03003806C8 /* MealViewModel.swift */; };
		7C4668CA297AD4C4003806C8 /* MealDetailModel.swift in Sources */ = {isa = PBXBuildFile; fileRef = 7C4668C9297AD4C4003806C8 /* MealDetailModel.swift */; };
		7C4668CE297AD746003806C8 /* DetailViewController.swift in Sources */ = {isa = PBXBuildFile; fileRef = 7C4668CD297AD746003806C8 /* DetailViewController.swift */; };
		7C46690C297ADCBE003806C8 /* MealDetailViewModel.swift in Sources */ = {isa = PBXBuildFile; fileRef = 7C46690B297ADCBE003806C8 /* MealDetailViewModel.swift */; };
/* End PBXBuildFile section */

/* Begin PBXFileReference section */
		7C466899297A772E003806C8 /* MealsApp.app */ = {isa = PBXFileReference; explicitFileType = wrapper.application; includeInIndex = 0; path = MealsApp.app; sourceTree = BUILT_PRODUCTS_DIR; };
		7C46689C297A772E003806C8 /* AppDelegate.swift */ = {isa = PBXFileReference; lastKnownFileType = sourcecode.swift; path = AppDelegate.swift; sourceTree = "<group>"; };
		7C46689E297A772E003806C8 /* SceneDelegate.swift */ = {isa = PBXFileReference; lastKnownFileType = sourcecode.swift; path = SceneDelegate.swift; sourceTree = "<group>"; };
		7C4668A0297A772E003806C8 /* ViewController.swift */ = {isa = PBXFileReference; lastKnownFileType = sourcecode.swift; path = ViewController.swift; sourceTree = "<group>"; };
		7C4668A3297A772E003806C8 /* Base */ = {isa = PBXFileReference; lastKnownFileType = file.storyboard; name = Base; path = Base.lproj/Main.storyboard; sourceTree = "<group>"; };
		7C4668A5297A7738003806C8 /* Assets.xcassets */ = {isa = PBXFileReference; lastKnownFileType = folder.assetcatalog; path = Assets.xcassets; sourceTree = "<group>"; };
		7C4668AA297A7738003806C8 /* Info.plist */ = {isa = PBXFileReference; lastKnownFileType = text.plist.xml; path = Info.plist; sourceTree = "<group>"; };
		7C4668BB297A8C43003806C8 /* CustomBlurView.swift */ = {isa = PBXFileReference; lastKnownFileType = sourcecode.swift; path = CustomBlurView.swift; sourceTree = "<group>"; };
		7C4668BD297A8C64003806C8 /* CustomUIView.swift */ = {isa = PBXFileReference; lastKnownFileType = sourcecode.swift; path = CustomUIView.swift; sourceTree = "<group>"; };
		7C4668BF297A8C97003806C8 /* CustomImageView.swift */ = {isa = PBXFileReference; lastKnownFileType = sourcecode.swift; path = CustomImageView.swift; sourceTree = "<group>"; };
		7C4668C1297A98A1003806C8 /* MealTableViewCell.swift */ = {isa = PBXFileReference; lastKnownFileType = sourcecode.swift; path = MealTableViewCell.swift; sourceTree = "<group>"; };
		7C4668C4297AA13B003806C8 /* MealModel.swift */ = {isa = PBXFileReference; lastKnownFileType = sourcecode.swift; path = MealModel.swift; sourceTree = "<group>"; };
		7C4668C7297ABA03003806C8 /* MealViewModel.swift */ = {isa = PBXFileReference; lastKnownFileType = sourcecode.swift; path = MealViewModel.swift; sourceTree = "<group>"; };
		7C4668C9297AD4C4003806C8 /* MealDetailModel.swift */ = {isa = PBXFileReference; lastKnownFileType = sourcecode.swift; path = MealDetailModel.swift; sourceTree = "<group>"; };
		7C4668CD297AD746003806C8 /* DetailViewController.swift */ = {isa = PBXFileReference; lastKnownFileType = sourcecode.swift; path = DetailViewController.swift; sourceTree = "<group>"; };
		7C46690B297ADCBE003806C8 /* MealDetailViewModel.swift */ = {isa = PBXFileReference; lastKnownFileType = sourcecode.swift; path = MealDetailViewModel.swift; sourceTree = "<group>"; };
/* End PBXFileReference section */

/* Begin PBXFrameworksBuildPhase section */
		7C466896297A772E003806C8 /* Frameworks */ = {
			isa = PBXFrameworksBuildPhase;
			buildActionMask = 2147483647;
			files = (
				7C4668B5297A860C003806C8 /* Kingfisher in Frameworks */,
				7C4668B2297A81B8003806C8 /* APIRequest in Frameworks */,
			);
			runOnlyForDeploymentPostprocessing = 0;
		};
/* End PBXFrameworksBuildPhase section */

/* Begin PBXGroup section */
		7C466890297A772E003806C8 = {
			isa = PBXGroup;
			children = (
				7C46689B297A772E003806C8 /* MealsApp */,
				7C46689A297A772E003806C8 /* Products */,
			);
			sourceTree = "<group>";
		};
		7C46689A297A772E003806C8 /* Products */ = {
			isa = PBXGroup;
			children = (
				7C466899297A772E003806C8 /* MealsApp.app */,
			);
			name = Products;
			sourceTree = "<group>";
		};
		7C46689B297A772E003806C8 /* MealsApp */ = {
			isa = PBXGroup;
			children = (
				7C4668B7297A888D003806C8 /* Cells */,
				7C4668C3297AA0DC003806C8 /* Views */,
				7C4668B9297A88B0003806C8 /* Controllers */,
				7C4668B8297A889F003806C8 /* View Models */,
				7C4668B6297A8889003806C8 /* Models */,
				7C46689C297A772E003806C8 /* AppDelegate.swift */,
				7C46689E297A772E003806C8 /* SceneDelegate.swift */,
				7C4668A5297A7738003806C8 /* Assets.xcassets */,
				7C4668AA297A7738003806C8 /* Info.plist */,
				7C4668BA297A8C2A003806C8 /* CustomUIHelpers */,
			);
			path = MealsApp;
			sourceTree = "<group>";
		};
		7C4668B6297A8889003806C8 /* Models */ = {
			isa = PBXGroup;
			children = (
				7C4668C9297AD4C4003806C8 /* MealDetailModel.swift */,
				7C4668C4297AA13B003806C8 /* MealModel.swift */,
			);
			path = Models;
			sourceTree = "<group>";
		};
		7C4668B7297A888D003806C8 /* Cells */ = {
			isa = PBXGroup;
			children = (
				7C4668C1297A98A1003806C8 /* MealTableViewCell.swift */,
			);
			path = Cells;
			sourceTree = "<group>";
		};
		7C4668B8297A889F003806C8 /* View Models */ = {
			isa = PBXGroup;
			children = (
				7C4668C7297ABA03003806C8 /* MealViewModel.swift */,
				7C46690B297ADCBE003806C8 /* MealDetailViewModel.swift */,
			);
			path = "View Models";
			sourceTree = "<group>";
		};
		7C4668B9297A88B0003806C8 /* Controllers */ = {
			isa = PBXGroup;
			children = (
				7C4668CD297AD746003806C8 /* DetailViewController.swift */,
				7C4668A0297A772E003806C8 /* ViewController.swift */,
			);
			path = Controllers;
			sourceTree = "<group>";
		};
		7C4668BA297A8C2A003806C8 /* CustomUIHelpers */ = {
			isa = PBXGroup;
			children = (
				7C4668BB297A8C43003806C8 /* CustomBlurView.swift */,
				7C4668BD297A8C64003806C8 /* CustomUIView.swift */,
				7C4668BF297A8C97003806C8 /* CustomImageView.swift */,
			);
			path = CustomUIHelpers;
			sourceTree = "<group>";
		};
		7C4668C3297AA0DC003806C8 /* Views */ = {
			isa = PBXGroup;
			children = (
				7C4668A2297A772E003806C8 /* Main.storyboard */,
			);
			path = Views;
			sourceTree = "<group>";
		};
/* End PBXGroup section */

/* Begin PBXNativeTarget section */
		7C466898297A772E003806C8 /* MealsApp */ = {
			isa = PBXNativeTarget;
			buildConfigurationList = 7C4668AD297A7738003806C8 /* Build configuration list for PBXNativeTarget "MealsApp" */;
			buildPhases = (
				7C4668C6297AA58E003806C8 /* Swiftlint */,
				7C466895297A772E003806C8 /* Sources */,
				7C466896297A772E003806C8 /* Frameworks */,
				7C466897297A772E003806C8 /* Resources */,
			);
			buildRules = (
			);
			dependencies = (
			);
			name = MealsApp;
			packageProductDependencies = (
				7C4668B1297A81B8003806C8 /* APIRequest */,
				7C4668B4297A860C003806C8 /* Kingfisher */,
			);
			productName = MealsApp;
			productReference = 7C466899297A772E003806C8 /* MealsApp.app */;
			productType = "com.apple.product-type.application";
		};
/* End PBXNativeTarget section */

/* Begin PBXProject section */
		7C466891297A772E003806C8 /* Project object */ = {
			isa = PBXProject;
			attributes = {
				BuildIndependentTargetsInParallel = 1;
				LastSwiftUpdateCheck = 1340;
				LastUpgradeCheck = 1340;
				TargetAttributes = {
					7C466898297A772E003806C8 = {
						CreatedOnToolsVersion = 13.4;
					};
				};
			};
			buildConfigurationList = 7C466894297A772E003806C8 /* Build configuration list for PBXProject "MealsApp" */;
			compatibilityVersion = "Xcode 13.0";
			developmentRegion = en;
			hasScannedForEncodings = 0;
			knownRegions = (
				en,
				Base,
			);
			mainGroup = 7C466890297A772E003806C8;
			packageReferences = (
				7C4668B0297A81B8003806C8 /* XCRemoteSwiftPackageReference "APIRequestPackage" */,
				7C4668B3297A860C003806C8 /* XCRemoteSwiftPackageReference "Kingfisher" */,
			);
			productRefGroup = 7C46689A297A772E003806C8 /* Products */;
			projectDirPath = "";
			projectRoot = "";
			targets = (
				7C466898297A772E003806C8 /* MealsApp */,
			);
		};
/* End PBXProject section */

/* Begin PBXResourcesBuildPhase section */
		7C466897297A772E003806C8 /* Resources */ = {
			isa = PBXResourcesBuildPhase;
			buildActionMask = 2147483647;
			files = (
				7C4668A6297A7738003806C8 /* Assets.xcassets in Resources */,
				7C4668A4297A772E003806C8 /* Main.storyboard in Resources */,
			);
			runOnlyForDeploymentPostprocessing = 0;
		};
/* End PBXResourcesBuildPhase section */

/* Begin PBXShellScriptBuildPhase section */
		7C4668C6297AA58E003806C8 /* Swiftlint */ = {
			isa = PBXShellScriptBuildPhase;
			buildActionMask = 2147483647;
			files = (
			);
			inputFileListPaths = (
			);
			inputPaths = (
			);
			name = Swiftlint;
			outputFileListPaths = (
			);
			outputPaths = (
			);
			runOnlyForDeploymentPostprocessing = 0;
			shellPath = /bin/sh;
			shellScript = "if which swiftlint >/dev/null; then\nswiftlint\nelse\necho \"warning: SwiftLint not installed, download from https://github.com/realm/SwiftLint\"\nfi\n";
		};
/* End PBXShellScriptBuildPhase section */

/* Begin PBXSourcesBuildPhase section */
		7C466895297A772E003806C8 /* Sources */ = {
			isa = PBXSourcesBuildPhase;
			buildActionMask = 2147483647;
			files = (
				7C4668A1297A772E003806C8 /* ViewController.swift in Sources */,
				7C4668C0297A8C97003806C8 /* CustomImageView.swift in Sources */,
				7C4668C5297AA13B003806C8 /* MealModel.swift in Sources */,
				7C4668C2297A98A1003806C8 /* MealTableViewCell.swift in Sources */,
				7C4668BE297A8C64003806C8 /* CustomUIView.swift in Sources */,
				7C4668CE297AD746003806C8 /* DetailViewController.swift in Sources */,
				7C4668C8297ABA03003806C8 /* MealViewModel.swift in Sources */,
				7C46689D297A772E003806C8 /* AppDelegate.swift in Sources */,
				7C4668BC297A8C43003806C8 /* CustomBlurView.swift in Sources */,
				7C4668CA297AD4C4003806C8 /* MealDetailModel.swift in Sources */,
				7C46690C297ADCBE003806C8 /* MealDetailViewModel.swift in Sources */,
				7C46689F297A772E003806C8 /* SceneDelegate.swift in Sources */,
			);
			runOnlyForDeploymentPostprocessing = 0;
		};
/* End PBXSourcesBuildPhase section */

/* Begin PBXVariantGroup section */
		7C4668A2297A772E003806C8 /* Main.storyboard */ = {
			isa = PBXVariantGroup;
			children = (
				7C4668A3297A772E003806C8 /* Base */,
			);
			name = Main.storyboard;
			sourceTree = "<group>";
		};
/* End PBXVariantGroup section */

/* Begin XCBuildConfiguration section */
		7C4668AB297A7738003806C8 /* Debug */ = {
			isa = XCBuildConfiguration;
			buildSettings = {
				ALWAYS_SEARCH_USER_PATHS = NO;
				CLANG_ANALYZER_NONNULL = YES;
				CLANG_ANALYZER_NUMBER_OBJECT_CONVERSION = YES_AGGRESSIVE;
				CLANG_CXX_LANGUAGE_STANDARD = "gnu++17";
				CLANG_ENABLE_MODULES = YES;
				CLANG_ENABLE_OBJC_ARC = YES;
				CLANG_ENABLE_OBJC_WEAK = YES;
				CLANG_WARN_BLOCK_CAPTURE_AUTORELEASING = YES;
				CLANG_WARN_BOOL_CONVERSION = YES;
				CLANG_WARN_COMMA = YES;
				CLANG_WARN_CONSTANT_CONVERSION = YES;
				CLANG_WARN_DEPRECATED_OBJC_IMPLEMENTATIONS = YES;
				CLANG_WARN_DIRECT_OBJC_ISA_USAGE = YES_ERROR;
				CLANG_WARN_DOCUMENTATION_COMMENTS = YES;
				CLANG_WARN_EMPTY_BODY = YES;
				CLANG_WARN_ENUM_CONVERSION = YES;
				CLANG_WARN_INFINITE_RECURSION = YES;
				CLANG_WARN_INT_CONVERSION = YES;
				CLANG_WARN_NON_LITERAL_NULL_CONVERSION = YES;
				CLANG_WARN_OBJC_IMPLICIT_RETAIN_SELF = YES;
				CLANG_WARN_OBJC_LITERAL_CONVERSION = YES;
				CLANG_WARN_OBJC_ROOT_CLASS = YES_ERROR;
				CLANG_WARN_QUOTED_INCLUDE_IN_FRAMEWORK_HEADER = YES;
				CLANG_WARN_RANGE_LOOP_ANALYSIS = YES;
				CLANG_WARN_STRICT_PROTOTYPES = YES;
				CLANG_WARN_SUSPICIOUS_MOVE = YES;
				CLANG_WARN_UNGUARDED_AVAILABILITY = YES_AGGRESSIVE;
				CLANG_WARN_UNREACHABLE_CODE = YES;
				CLANG_WARN__DUPLICATE_METHOD_MATCH = YES;
				COPY_PHASE_STRIP = NO;
				DEBUG_INFORMATION_FORMAT = dwarf;
				ENABLE_STRICT_OBJC_MSGSEND = YES;
				ENABLE_TESTABILITY = YES;
				GCC_C_LANGUAGE_STANDARD = gnu11;
				GCC_DYNAMIC_NO_PIC = NO;
				GCC_NO_COMMON_BLOCKS = YES;
				GCC_OPTIMIZATION_LEVEL = 0;
				GCC_PREPROCESSOR_DEFINITIONS = (
					"DEBUG=1",
					"$(inherited)",
				);
				GCC_WARN_64_TO_32_BIT_CONVERSION = YES;
				GCC_WARN_ABOUT_RETURN_TYPE = YES_ERROR;
				GCC_WARN_UNDECLARED_SELECTOR = YES;
				GCC_WARN_UNINITIALIZED_AUTOS = YES_AGGRESSIVE;
				GCC_WARN_UNUSED_FUNCTION = YES;
				GCC_WARN_UNUSED_VARIABLE = YES;
				IPHONEOS_DEPLOYMENT_TARGET = 15.5;
				MTL_ENABLE_DEBUG_INFO = INCLUDE_SOURCE;
				MTL_FAST_MATH = YES;
				ONLY_ACTIVE_ARCH = YES;
				SDKROOT = iphoneos;
				SWIFT_ACTIVE_COMPILATION_CONDITIONS = DEBUG;
				SWIFT_OPTIMIZATION_LEVEL = "-Onone";
			};
			name = Debug;
		};
		7C4668AC297A7738003806C8 /* Release */ = {
			isa = XCBuildConfiguration;
			buildSettings = {
				ALWAYS_SEARCH_USER_PATHS = NO;
				CLANG_ANALYZER_NONNULL = YES;
				CLANG_ANALYZER_NUMBER_OBJECT_CONVERSION = YES_AGGRESSIVE;
				CLANG_CXX_LANGUAGE_STANDARD = "gnu++17";
				CLANG_ENABLE_MODULES = YES;
				CLANG_ENABLE_OBJC_ARC = YES;
				CLANG_ENABLE_OBJC_WEAK = YES;
				CLANG_WARN_BLOCK_CAPTURE_AUTORELEASING = YES;
				CLANG_WARN_BOOL_CONVERSION = YES;
				CLANG_WARN_COMMA = YES;
				CLANG_WARN_CONSTANT_CONVERSION = YES;
				CLANG_WARN_DEPRECATED_OBJC_IMPLEMENTATIONS = YES;
				CLANG_WARN_DIRECT_OBJC_ISA_USAGE = YES_ERROR;
				CLANG_WARN_DOCUMENTATION_COMMENTS = YES;
				CLANG_WARN_EMPTY_BODY = YES;
				CLANG_WARN_ENUM_CONVERSION = YES;
				CLANG_WARN_INFINITE_RECURSION = YES;
				CLANG_WARN_INT_CONVERSION = YES;
				CLANG_WARN_NON_LITERAL_NULL_CONVERSION = YES;
				CLANG_WARN_OBJC_IMPLICIT_RETAIN_SELF = YES;
				CLANG_WARN_OBJC_LITERAL_CONVERSION = YES;
				CLANG_WARN_OBJC_ROOT_CLASS = YES_ERROR;
				CLANG_WARN_QUOTED_INCLUDE_IN_FRAMEWORK_HEADER = YES;
				CLANG_WARN_RANGE_LOOP_ANALYSIS = YES;
				CLANG_WARN_STRICT_PROTOTYPES = YES;
				CLANG_WARN_SUSPICIOUS_MOVE = YES;
				CLANG_WARN_UNGUARDED_AVAILABILITY = YES_AGGRESSIVE;
				CLANG_WARN_UNREACHABLE_CODE = YES;
				CLANG_WARN__DUPLICATE_METHOD_MATCH = YES;
				COPY_PHASE_STRIP = NO;
				DEBUG_INFORMATION_FORMAT = "dwarf-with-dsym";
				ENABLE_NS_ASSERTIONS = NO;
				ENABLE_STRICT_OBJC_MSGSEND = YES;
				GCC_C_LANGUAGE_STANDARD = gnu11;
				GCC_NO_COMMON_BLOCKS = YES;
				GCC_WARN_64_TO_32_BIT_CONVERSION = YES;
				GCC_WARN_ABOUT_RETURN_TYPE = YES_ERROR;
				GCC_WARN_UNDECLARED_SELECTOR = YES;
				GCC_WARN_UNINITIALIZED_AUTOS = YES_AGGRESSIVE;
				GCC_WARN_UNUSED_FUNCTION = YES;
				GCC_WARN_UNUSED_VARIABLE = YES;
				IPHONEOS_DEPLOYMENT_TARGET = 15.5;
				MTL_ENABLE_DEBUG_INFO = NO;
				MTL_FAST_MATH = YES;
				SDKROOT = iphoneos;
				SWIFT_COMPILATION_MODE = wholemodule;
				SWIFT_OPTIMIZATION_LEVEL = "-O";
				VALIDATE_PRODUCT = YES;
			};
			name = Release;
		};
		7C4668AE297A7738003806C8 /* Debug */ = {
			isa = XCBuildConfiguration;
			buildSettings = {
				ASSETCATALOG_COMPILER_APPICON_NAME = AppIcon;
				ASSETCATALOG_COMPILER_GLOBAL_ACCENT_COLOR_NAME = AccentColor;
				CODE_SIGN_STYLE = Automatic;
				CURRENT_PROJECT_VERSION = 1;
				DEVELOPMENT_TEAM = ALG8D65725;
				GENERATE_INFOPLIST_FILE = YES;
				INFOPLIST_FILE = MealsApp/Info.plist;
				INFOPLIST_KEY_UIApplicationSupportsIndirectInputEvents = YES;
				INFOPLIST_KEY_UILaunchStoryboardName = LaunchScreen;
				INFOPLIST_KEY_UIMainStoryboardFile = Main;
				INFOPLIST_KEY_UISupportedInterfaceOrientations = UIInterfaceOrientationPortrait;
				INFOPLIST_KEY_UISupportedInterfaceOrientations_iPad = "UIInterfaceOrientationPortrait UIInterfaceOrientationPortraitUpsideDown UIInterfaceOrientationLandscapeLeft UIInterfaceOrientationLandscapeRight";
				INFOPLIST_KEY_UISupportedInterfaceOrientations_iPhone = "UIInterfaceOrientationPortrait UIInterfaceOrientationLandscapeLeft UIInterfaceOrientationLandscapeRight";
				LD_RUNPATH_SEARCH_PATHS = (
					"$(inherited)",
					"@executable_path/Frameworks",
				);
				MARKETING_VERSION = 1.0;
				PRODUCT_BUNDLE_IDENTIFIER = alfinindrawan.MealsApp;
				PRODUCT_NAME = "$(TARGET_NAME)";
				SWIFT_EMIT_LOC_STRINGS = YES;
				SWIFT_VERSION = 5.0;
				TARGETED_DEVICE_FAMILY = 1;
			};
			name = Debug;
		};
		7C4668AF297A7738003806C8 /* Release */ = {
			isa = XCBuildConfiguration;
			buildSettings = {
				ASSETCATALOG_COMPILER_APPICON_NAME = AppIcon;
				ASSETCATALOG_COMPILER_GLOBAL_ACCENT_COLOR_NAME = AccentColor;
				CODE_SIGN_STYLE = Automatic;
				CURRENT_PROJECT_VERSION = 1;
				DEVELOPMENT_TEAM = ALG8D65725;
				GENERATE_INFOPLIST_FILE = YES;
				INFOPLIST_FILE = MealsApp/Info.plist;
				INFOPLIST_KEY_UIApplicationSupportsIndirectInputEvents = YES;
				INFOPLIST_KEY_UILaunchStoryboardName = LaunchScreen;
				INFOPLIST_KEY_UIMainStoryboardFile = Main;
				INFOPLIST_KEY_UISupportedInterfaceOrientations = UIInterfaceOrientationPortrait;
				INFOPLIST_KEY_UISupportedInterfaceOrientations_iPad = "UIInterfaceOrientationPortrait UIInterfaceOrientationPortraitUpsideDown UIInterfaceOrientationLandscapeLeft UIInterfaceOrientationLandscapeRight";
				INFOPLIST_KEY_UISupportedInterfaceOrientations_iPhone = "UIInterfaceOrientationPortrait UIInterfaceOrientationLandscapeLeft UIInterfaceOrientationLandscapeRight";
				LD_RUNPATH_SEARCH_PATHS = (
					"$(inherited)",
					"@executable_path/Frameworks",
				);
				MARKETING_VERSION = 1.0;
				PRODUCT_BUNDLE_IDENTIFIER = alfinindrawan.MealsApp;
				PRODUCT_NAME = "$(TARGET_NAME)";
				SWIFT_EMIT_LOC_STRINGS = YES;
				SWIFT_VERSION = 5.0;
				TARGETED_DEVICE_FAMILY = 1;
			};
			name = Release;
		};
/* End XCBuildConfiguration section */

/* Begin XCConfigurationList section */
		7C466894297A772E003806C8 /* Build configuration list for PBXProject "MealsApp" */ = {
			isa = XCConfigurationList;
			buildConfigurations = (
				7C4668AB297A7738003806C8 /* Debug */,
				7C4668AC297A7738003806C8 /* Release */,
			);
			defaultConfigurationIsVisible = 0;
			defaultConfigurationName = Release;
		};
		7C4668AD297A7738003806C8 /* Build configuration list for PBXNativeTarget "MealsApp" */ = {
			isa = XCConfigurationList;
			buildConfigurations = (
				7C4668AE297A7738003806C8 /* Debug */,
				7C4668AF297A7738003806C8 /* Release */,
			);
			defaultConfigurationIsVisible = 0;
			defaultConfigurationName = Release;
		};
/* End XCConfigurationList section */

/* Begin XCRemoteSwiftPackageReference section */
		7C4668B0297A81B8003806C8 /* XCRemoteSwiftPackageReference "APIRequestPackage" */ = {
			isa = XCRemoteSwiftPackageReference;
			repositoryURL = "https://github.com/AlfinIndrawan/APIRequestPackage";
			requirement = {
				branch = main;
				kind = branch;
			};
		};
		7C4668B3297A860C003806C8 /* XCRemoteSwiftPackageReference "Kingfisher" */ = {
			isa = XCRemoteSwiftPackageReference;
			repositoryURL = "https://github.com/onevcat/Kingfisher";
			requirement = {
				kind = upToNextMajorVersion;
				minimumVersion = 7.0.0;
			};
		};
/* End XCRemoteSwiftPackageReference section */

/* Begin XCSwiftPackageProductDependency section */
		7C4668B1297A81B8003806C8 /* APIRequest */ = {
			isa = XCSwiftPackageProductDependency;
			package = 7C4668B0297A81B8003806C8 /* XCRemoteSwiftPackageReference "APIRequestPackage" */;
			productName = APIRequest;
		};
		7C4668B4297A860C003806C8 /* Kingfisher */ = {
			isa = XCSwiftPackageProductDependency;
			package = 7C4668B3297A860C003806C8 /* XCRemoteSwiftPackageReference "Kingfisher" */;
			productName = Kingfisher;
		};
/* End XCSwiftPackageProductDependency section */
	};
	rootObject = 7C466891297A772E003806C8 /* Project object */;
}
